
Microsoft Visual Studio Solution File, Format Version 12.00
# Visual Studio 15
Project("{FAE04EC0-301F-11D3-BF4B-00C04F79EFBC}") = "UnityEngine.TestRunner", "UnityEngine.TestRunner.csproj", "{5FCABA50-EA0F-8F38-239A-C1072EDD434E}"
EndProject
Project("{FAE04EC0-301F-11D3-BF4B-00C04F79EFBC}") = "Unity.Timeline", "Unity.Timeline.csproj", "{550E9A23-4FC7-5E3A-DB08-DC36DE54E9E8}"
EndProject
Project("{FAE04EC0-301F-11D3-BF4B-00C04F79EFBC}") = "UnityEngine.UI", "UnityEngine.UI.csproj", "{A910B743-7FB6-7E46-7AD6-62507BEC708F}"
EndProject
Project("{FAE04EC0-301F-11D3-BF4B-00C04F79EFBC}") = "Assembly-CSharp", "Assembly-CSharp.csproj", "{8BF9DB5F-9D6C-5608-CE23-BD952B4E8295}"
EndProject
Project("{FAE04EC0-301F-11D3-BF4B-00C04F79EFBC}") = "Unity.TextMeshPro", "Unity.TextMeshPro.csproj", "{D09E1C7D-A48E-759F-022D-D36ED54CC491}"
EndProject
Project("{FAE04EC0-301F-11D3-BF4B-00C04F79EFBC}") = "UnityEditor.TestRunner", "UnityEditor.TestRunner.csproj", "{D6EA931D-14E1-4150-A8E4-332F777ACC42}"
EndProject
Project("{FAE04EC0-301F-11D3-BF4B-00C04F79EFBC}") = "Unity.PlasticSCM.Editor", "Unity.PlasticSCM.Editor.csproj", "{BD6883B2-E1FC-4809-08E2-BDFF9CBCD3CD}"
EndProject
Project("{FAE04EC0-301F-11D3-BF4B-00C04F79EFBC}") = "UnityEditor.UI", "UnityEditor.UI.csproj", "{7B1BCDA5-CF21-689C-F133-395FC6295BF5}"
EndProject
Project("{FAE04EC0-301F-11D3-BF4B-00C04F79EFBC}") = "Unity.Timeline.Editor", "Unity.Timeline.Editor.csproj", "{0C00DCF9-D480-1B6C-42A0-884F12829B54}"
EndProject
Project("{FAE04EC0-301F-11D3-BF4B-00C04F79EFBC}") = "Unity.VisualStudio.Editor", "Unity.VisualStudio.Editor.csproj", "{C0924681-4C91-8198-5E2A-0E0B433E7220}"
EndProject
Project("{FAE04EC0-301F-11D3-BF4B-00C04F79EFBC}") = "Unity.TextMeshPro.Editor", "Unity.TextMeshPro.Editor.csproj", "{B4057CF6-B242-A2D3-C0DC-BD84854AAD72}"
EndProject
Project("{FAE04EC0-301F-11D3-BF4B-00C04F79EFBC}") = "Unity.CollabProxy.Editor", "Unity.CollabProxy.Editor.csproj", "{19E565AF-0F08-10CD-D788-0E89FC613A4E}"
EndProject
Project("{FAE04EC0-301F-11D3-BF4B-00C04F79EFBC}") = "Unity.Rider.Editor", "Unity.Rider.Editor.csproj", "{5E4412AB-194B-B386-5BB3-6DE622F8AF89}"
EndProject
Project("{FAE04EC0-301F-11D3-BF4B-00C04F79EFBC}") = "Unity.VSCode.Editor", "Unity.VSCode.Editor.csproj", "{D17649F5-FE0F-3F28-8B80-C412B6C42128}"
EndProject
Project("{FAE04EC0-301F-11D3-BF4B-00C04F79EFBC}") = "Assembly-CSharp-Editor", "Assembly-CSharp-Editor.csproj", "{A33C7337-5CDB-0126-C566-98A75140A6BF}"
EndProject
Project("{FAE04EC0-301F-11D3-BF4B-00C04F79EFBC}") = "UnityEngine.TestRunner", "UnityEngine.TestRunner.Player.csproj", "{2FF5D63E-1997-B719-01D1-E38A13798CA7}"
EndProject
Project("{FAE04EC0-301F-11D3-BF4B-00C04F79EFBC}") = "Unity.Timeline", "Unity.Timeline.Player.csproj", "{A311DB18-A492-FE6C-BDD1-B6B8B92E7FBB}"
EndProject
Project("{FAE04EC0-301F-11D3-BF4B-00C04F79EFBC}") = "UnityEngine.UI", "UnityEngine.UI.Player.csproj", "{AFBCABD3-34A0-BC89-98D4-E82A4134D9D6}"
EndProject
Project("{FAE04EC0-301F-11D3-BF4B-00C04F79EFBC}") = "Assembly-CSharp", "Assembly-CSharp.Player.csproj", "{44A01DD0-5076-3835-7235-36C2AF830701}"
EndProject
Project("{FAE04EC0-301F-11D3-BF4B-00C04F79EFBC}") = "Unity.TextMeshPro", "Unity.TextMeshPro.Player.csproj", "{338A139D-28A0-6406-B66A-DBF6C6AE45B2}"
EndProject
Global
	GlobalSection(SolutionConfigurationPlatforms) = preSolution
		Debug|Any CPU = Debug|Any CPU
		Release|Any CPU = Release|Any CPU
	EndGlobalSection
	GlobalSection(ProjectConfigurationPlatforms) = postSolution
		{5FCABA50-EA0F-8F38-239A-C1072EDD434E}.Debug|Any CPU.ActiveCfg = Debug|Any CPU
		{5FCABA50-EA0F-8F38-239A-C1072EDD434E}.Debug|Any CPU.Build.0 = Debug|Any CPU
		{5FCABA50-EA0F-8F38-239A-C1072EDD434E}.Release|Any CPU.ActiveCfg = Release|Any CPU
		{5FCABA50-EA0F-8F38-239A-C1072EDD434E}.Release|Any CPU.Build.0 = Release|Any CPU
		{550E9A23-4FC7-5E3A-DB08-DC36DE54E9E8}.Debug|Any CPU.ActiveCfg = Debug|Any CPU
		{550E9A23-4FC7-5E3A-DB08-DC36DE54E9E8}.Debug|Any CPU.Build.0 = Debug|Any CPU
		{550E9A23-4FC7-5E3A-DB08-DC36DE54E9E8}.Release|Any CPU.ActiveCfg = Release|Any CPU
		{550E9A23-4FC7-5E3A-DB08-DC36DE54E9E8}.Release|Any CPU.Build.0 = Release|Any CPU
		{A910B743-7FB6-7E46-7AD6-62507BEC708F}.Debug|Any CPU.ActiveCfg = Debug|Any CPU
		{A910B743-7FB6-7E46-7AD6-62507BEC708F}.Debug|Any CPU.Build.0 = Debug|Any CPU
		{A910B743-7FB6-7E46-7AD6-62507BEC708F}.Release|Any CPU.ActiveCfg = Release|Any CPU
		{A910B743-7FB6-7E46-7AD6-62507BEC708F}.Release|Any CPU.Build.0 = Release|Any CPU
		{8BF9DB5F-9D6C-5608-CE23-BD952B4E8295}.Debug|Any CPU.ActiveCfg = Debug|Any CPU
		{8BF9DB5F-9D6C-5608-CE23-BD952B4E8295}.Debug|Any CPU.Build.0 = Debug|Any CPU
		{8BF9DB5F-9D6C-5608-CE23-BD952B4E8295}.Release|Any CPU.ActiveCfg = Release|Any CPU
		{8BF9DB5F-9D6C-5608-CE23-BD952B4E8295}.Release|Any CPU.Build.0 = Release|Any CPU
		{D09E1C7D-A48E-759F-022D-D36ED54CC491}.Debug|Any CPU.ActiveCfg = Debug|Any CPU
		{D09E1C7D-A48E-759F-022D-D36ED54CC491}.Debug|Any CPU.Build.0 = Debug|Any CPU
		{D09E1C7D-A48E-759F-022D-D36ED54CC491}.Release|Any CPU.ActiveCfg = Release|Any CPU
		{D09E1C7D-A48E-759F-022D-D36ED54CC491}.Release|Any CPU.Build.0 = Release|Any CPU
		{D6EA931D-14E1-4150-A8E4-332F777ACC42}.Debug|Any CPU.ActiveCfg = Debug|Any CPU
		{D6EA931D-14E1-4150-A8E4-332F777ACC42}.Debug|Any CPU.Build.0 = Debug|Any CPU
		{D6EA931D-14E1-4150-A8E4-332F777ACC42}.Release|Any CPU.ActiveCfg = Release|Any CPU
		{D6EA931D-14E1-4150-A8E4-332F777ACC42}.Release|Any CPU.Build.0 = Release|Any CPU
		{BD6883B2-E1FC-4809-08E2-BDFF9CBCD3CD}.Debug|Any CPU.ActiveCfg = Debug|Any CPU
		{BD6883B2-E1FC-4809-08E2-BDFF9CBCD3CD}.Debug|Any CPU.Build.0 = Debug|Any CPU
		{BD6883B2-E1FC-4809-08E2-BDFF9CBCD3CD}.Release|Any CPU.ActiveCfg = Release|Any CPU
		{BD6883B2-E1FC-4809-08E2-BDFF9CBCD3CD}.Release|Any CPU.Build.0 = Release|Any CPU
		{7B1BCDA5-CF21-689C-F133-395FC6295BF5}.Debug|Any CPU.ActiveCfg = Debug|Any CPU
		{7B1BCDA5-CF21-689C-F133-395FC6295BF5}.Debug|Any CPU.Build.0 = Debug|Any CPU
		{7B1BCDA5-CF21-689C-F133-395FC6295BF5}.Release|Any CPU.ActiveCfg = Release|Any CPU
		{7B1BCDA5-CF21-689C-F133-395FC6295BF5}.Release|Any CPU.Build.0 = Release|Any CPU
		{0C00DCF9-D480-1B6C-42A0-884F12829B54}.Debug|Any CPU.ActiveCfg = Debug|Any CPU
		{0C00DCF9-D480-1B6C-42A0-884F12829B54}.Debug|Any CPU.Build.0 = Debug|Any CPU
		{0C00DCF9-D480-1B6C-42A0-884F12829B54}.Release|Any CPU.ActiveCfg = Release|Any CPU
		{0C00DCF9-D480-1B6C-42A0-884F12829B54}.Release|Any CPU.Build.0 = Release|Any CPU
		{C0924681-4C91-8198-5E2A-0E0B433E7220}.Debug|Any CPU.ActiveCfg = Debug|Any CPU
		{C0924681-4C91-8198-5E2A-0E0B433E7220}.Debug|Any CPU.Build.0 = Debug|Any CPU
		{C0924681-4C91-8198-5E2A-0E0B433E7220}.Release|Any CPU.ActiveCfg = Release|Any CPU
		{C0924681-4C91-8198-5E2A-0E0B433E7220}.Release|Any CPU.Build.0 = Release|Any CPU
		{B4057CF6-B242-A2D3-C0DC-BD84854AAD72}.Debug|Any CPU.ActiveCfg = Debug|Any CPU
		{B4057CF6-B242-A2D3-C0DC-BD84854AAD72}.Debug|Any CPU.Build.0 = Debug|Any CPU
		{B4057CF6-B242-A2D3-C0DC-BD84854AAD72}.Release|Any CPU.ActiveCfg = Release|Any CPU
		{B4057CF6-B242-A2D3-C0DC-BD84854AAD72}.Release|Any CPU.Build.0 = Release|Any CPU
		{19E565AF-0F08-10CD-D788-0E89FC613A4E}.Debug|Any CPU.ActiveCfg = Debug|Any CPU
		{19E565AF-0F08-10CD-D788-0E89FC613A4E}.Debug|Any CPU.Build.0 = Debug|Any CPU
		{19E565AF-0F08-10CD-D788-0E89FC613A4E}.Release|Any CPU.ActiveCfg = Release|Any CPU
		{19E565AF-0F08-10CD-D788-0E89FC613A4E}.Release|Any CPU.Build.0 = Release|Any CPU
		{5E4412AB-194B-B386-5BB3-6DE622F8AF89}.Debug|Any CPU.ActiveCfg = Debug|Any CPU
		{5E4412AB-194B-B386-5BB3-6DE622F8AF89}.Debug|Any CPU.Build.0 = Debug|Any CPU
		{5E4412AB-194B-B386-5BB3-6DE622F8AF89}.Release|Any CPU.ActiveCfg = Release|Any CPU
		{5E4412AB-194B-B386-5BB3-6DE622F8AF89}.Release|Any CPU.Build.0 = Release|Any CPU
		{D17649F5-FE0F-3F28-8B80-C412B6C42128}.Debug|Any CPU.ActiveCfg = Debug|Any CPU
		{D17649F5-FE0F-3F28-8B80-C412B6C42128}.Debug|Any CPU.Build.0 = Debug|Any CPU
		{D17649F5-FE0F-3F28-8B80-C412B6C42128}.Release|Any CPU.ActiveCfg = Release|Any CPU
		{D17649F5-FE0F-3F28-8B80-C412B6C42128}.Release|Any CPU.Build.0 = Release|Any CPU
		{A33C7337-5CDB-0126-C566-98A75140A6BF}.Debug|Any CPU.ActiveCfg = Debug|Any CPU
		{A33C7337-5CDB-0126-C566-98A75140A6BF}.Debug|Any CPU.Build.0 = Debug|Any CPU
		{A33C7337-5CDB-0126-C566-98A75140A6BF}.Release|Any CPU.ActiveCfg = Release|Any CPU
		{A33C7337-5CDB-0126-C566-98A75140A6BF}.Release|Any CPU.Build.0 = Release|Any CPU
		{2FF5D63E-1997-B719-01D1-E38A13798CA7}.Debug|Any CPU.ActiveCfg = Debug|Any CPU
		{2FF5D63E-1997-B719-01D1-E38A13798CA7}.Debug|Any CPU.Build.0 = Debug|Any CPU
		{2FF5D63E-1997-B719-01D1-E38A13798CA7}.Release|Any CPU.ActiveCfg = Release|Any CPU
		{2FF5D63E-1997-B719-01D1-E38A13798CA7}.Release|Any CPU.Build.0 = Release|Any CPU
		{A311DB18-A492-FE6C-BDD1-B6B8B92E7FBB}.Debug|Any CPU.ActiveCfg = Debug|Any CPU
		{A311DB18-A492-FE6C-BDD1-B6B8B92E7FBB}.Debug|Any CPU.Build.0 = Debug|Any CPU
		{A311DB18-A492-FE6C-BDD1-B6B8B92E7FBB}.Release|Any CPU.ActiveCfg = Release|Any CPU
		{A311DB18-A492-FE6C-BDD1-B6B8B92E7FBB}.Release|Any CPU.Build.0 = Release|Any CPU
		{AFBCABD3-34A0-BC89-98D4-E82A4134D9D6}.Debug|Any CPU.ActiveCfg = Debug|Any CPU
		{AFBCABD3-34A0-BC89-98D4-E82A4134D9D6}.Debug|Any CPU.Build.0 = Debug|Any CPU
		{AFBCABD3-34A0-BC89-98D4-E82A4134D9D6}.Release|Any CPU.ActiveCfg = Release|Any CPU
		{AFBCABD3-34A0-BC89-98D4-E82A4134D9D6}.Release|Any CPU.Build.0 = Release|Any CPU
		{44A01DD0-5076-3835-7235-36C2AF830701}.Debug|Any CPU.ActiveCfg = Debug|Any CPU
		{44A01DD0-5076-3835-7235-36C2AF830701}.Debug|Any CPU.Build.0 = Debug|Any CPU
		{44A01DD0-5076-3835-7235-36C2AF830701}.Release|Any CPU.ActiveCfg = Release|Any CPU
		{44A01DD0-5076-3835-7235-36C2AF830701}.Release|Any CPU.Build.0 = Release|Any CPU
		{338A139D-28A0-6406-B66A-DBF6C6AE45B2}.Debug|Any CPU.ActiveCfg = Debug|Any CPU
		{338A139D-28A0-6406-B66A-DBF6C6AE45B2}.Debug|Any CPU.Build.0 = Debug|Any CPU
		{338A139D-28A0-6406-B66A-DBF6C6AE45B2}.Release|Any CPU.ActiveCfg = Release|Any CPU
		{338A139D-28A0-6406-B66A-DBF6C6AE45B2}.Release|Any CPU.Build.0 = Release|Any CPU
	EndGlobalSection
	GlobalSection(SolutionProperties) = preSolution
		HideSolutionNode = FALSE
	EndGlobalSection
EndGlobal
