
Microsoft Visual Studio Solution File, Format Version 12.00
# Visual Studio 15
VisualStudioVersion = 15.0.28307.271
MinimumVisualStudioVersion = 10.0.40219.1
Project("{FAE04EC0-301F-11D3-BF4B-00C04F79EFBC}") = "Assembly-CSharp", "Assembly-CSharp.csproj", "{8BF9DB5F-9D6C-5608-CE23-BD952B4E8295}"
EndProject
Project("{FAE04EC0-301F-11D3-BF4B-00C04F79EFBC}") = "Assembly-CSharp-Editor", "Assembly-CSharp-Editor.csproj", "{37733CA3-DB5C-2601-C566-98A75140A6BF}"
EndProject
Global
	GlobalSection(SolutionConfigurationPlatforms) = preSolution
		Debug|Any CPU = Debug|Any CPU
		Release|Any CPU = Release|Any CPU
	EndGlobalSection
	GlobalSection(ProjectConfigurationPlatforms) = postSolution
		{8BF9DB5F-9D6C-5608-CE23-BD952B4E8295}.Debug|Any CPU.ActiveCfg = Debug|Any CPU
		{8BF9DB5F-9D6C-5608-CE23-BD952B4E8295}.Debug|Any CPU.Build.0 = Debug|Any CPU
		{8BF9DB5F-9D6C-5608-CE23-BD952B4E8295}.Release|Any CPU.ActiveCfg = Release|Any CPU
		{8BF9DB5F-9D6C-5608-CE23-BD952B4E8295}.Release|Any CPU.Build.0 = Release|Any CPU
		{37733CA3-DB5C-2601-C566-98A75140A6BF}.Debug|Any CPU.ActiveCfg = Debug|Any CPU
		{37733CA3-DB5C-2601-C566-98A75140A6BF}.Debug|Any CPU.Build.0 = Debug|Any CPU
		{37733CA3-DB5C-2601-C566-98A75140A6BF}.Release|Any CPU.ActiveCfg = Debug|Any CPU
		{37733CA3-DB5C-2601-C566-98A75140A6BF}.Release|Any CPU.Build.0 = Debug|Any CPU
	EndGlobalSection
	GlobalSection(SolutionProperties) = preSolution
		HideSolutionNode = FALSE
	EndGlobalSection
	GlobalSection(ExtensibilityGlobals) = postSolution
		SolutionGuid = {8F980901-FDA8-44C2-B084-97E9D22E0B9D}
	EndGlobalSection
EndGlobal
